
Microsoft Visual Studio Solution File, Format Version 12.00
# Visual Studio Version 17
VisualStudioVersion = 17.7.34202.233
MinimumVisualStudioVersion = 10.0.40219.1
Project("{9A19103F-16F7-4668-BE54-9A1E7A4F7556}") = "Net.Server.Libraries", "Net.Server.Libraries\Net.Server.Libraries.csproj", "{5497EF1C-3A75-4A36-B7D7-8FCA2FDC20DE}"
EndProject
Global
	GlobalSection(SolutionConfigurationPlatforms) = preSolution
		Debug|Any CPU = Debug|Any CPU
		Release|Any CPU = Release|Any CPU
	EndGlobalSection
	GlobalSection(ProjectConfigurationPlatforms) = postSolution
		{5497EF1C-3A75-4A36-B7D7-8FCA2FDC20DE}.Debug|Any CPU.ActiveCfg = Debug|Any CPU
		{5497EF1C-3A75-4A36-B7D7-8FCA2FDC20DE}.Debug|Any CPU.Build.0 = Debug|Any CPU
		{5497EF1C-3A75-4A36-B7D7-8FCA2FDC20DE}.Release|Any CPU.ActiveCfg = Release|Any CPU
		{5497EF1C-3A75-4A36-B7D7-8FCA2FDC20DE}.Release|Any CPU.Build.0 = Release|Any CPU
	EndGlobalSection
	GlobalSection(SolutionProperties) = preSolution
		HideSolutionNode = FALSE
	EndGlobalSection
	GlobalSection(ExtensibilityGlobals) = postSolution
		SolutionGuid = {FA632C93-4700-438A-A03A-81A4550C512D}
	EndGlobalSection
EndGlobal
